<?xml version="1.0" encoding="utf-8"?>
<Project ToolsVersion="4.0" xmlns="http://schemas.microsoft.com/developer/msbuild/2003">
  <ItemGroup>
    <Filter Include="Source Files">
      <UniqueIdentifier>{4FC737F1-C7A5-4376-A066-2A32D752A2FF}</UniqueIdentifier>
      <Extensions>cpp;c;cc;cxx;c++;cppm;ixx;def;odl;idl;hpj;bat;asm;asmx</Extensions>
    </Filter>
    <Filter Include="Header Files">
      <UniqueIdentifier>{93995380-89BD-4b04-88EB-625FBE52EBFB}</UniqueIdentifier>
      <Extensions>h;hh;hpp;hxx;h++;hm;inl;inc;ipp;xsd</Extensions>
    </Filter>
    <Filter Include="Header Files\Resource Files">
      <UniqueIdentifier>{67DA6AB6-F800-4c08-8B7A-83BB121AAD01}</UniqueIdentifier>
      <Extensions>rc;ico;cur;bmp;dlg;rc2;rct;bin;rgs;gif;jpg;jpeg;jpe;resx;tiff;tif;png;wav;mfcribbon-ms</Extensions>
    </Filter>
    <Filter Include="Tests">
      <UniqueIdentifier>{be051a9b-b821-4871-a4b4-550e757e3d89}</UniqueIdentifier>
    </Filter>
  </ItemGroup>
  <ItemGroup>
    <ClInclude Include="read_data.h">
      <Filter>Header Files</Filter>
    </ClInclude>
    <ClInclude Include="drone.h">
      <Filter>Header Files</Filter>
    </ClInclude>
    <ClInclude Include="urban_drone.h">
      <Filter>Header Files</Filter>
    </ClInclude>
    <ClInclude Include="rural_drone.h">
      <Filter>Header Files</Filter>
    </ClInclude>
    <ClInclude Include="genetic_algorithm.h">
      <Filter>Header Files</Filter>
    </ClInclude>
    <ClInclude Include="clustering.h">
      <Filter>Header Files</Filter>
    </ClInclude>
    <ClInclude Include="postal_region.h">
      <Filter>Header Files</Filter>
    </ClInclude>
    <ClInclude Include="Circuit.h">
      <Filter>Header Files</Filter>
    </ClInclude>
    <ClInclude Include="truck.h">
      <Filter>Header Files</Filter>
    </ClInclude>
    <ClInclude Include="utility.h">
      <Filter>Header Files</Filter>
    </ClInclude>
    <ClInclude Include="tsp_funcs.h">
      <Filter>Header Files</Filter>
    </ClInclude>
    <ClInclude Include="driver_code.h">
      <Filter>Header Files</Filter>
    </ClInclude>
    <ClInclude Include="testclass.h">
      <Filter>Header Files</Filter>
    </ClInclude>
    <ClInclude Include="test.h">
      <Filter>Header Files</Filter>
    </ClInclude>
  </ItemGroup>
  <ItemGroup>
    <ClCompile Include="read_data.cpp">
      <Filter>Source Files</Filter>
    </ClCompile>
    <ClCompile Include="main_test.cpp">
      <Filter>Source Files</Filter>
    </ClCompile>
    <ClCompile Include="drone.cpp">
      <Filter>Source Files</Filter>
    </ClCompile>
    <ClCompile Include="urban_drone.cpp">
      <Filter>Source Files</Filter>
    </ClCompile>
    <ClCompile Include="rural_drone.cpp">
      <Filter>Source Files</Filter>
    </ClCompile>
    <ClCompile Include="genetic_algorithm.cpp">
      <Filter>Source Files</Filter>
    </ClCompile>
    <ClCompile Include="clustering.cpp">
      <Filter>Source Files</Filter>
    </ClCompile>
    <ClCompile Include="Circuit.cpp">
      <Filter>Source Files</Filter>
    </ClCompile>
    <ClCompile Include="truck.cpp">
      <Filter>Source Files</Filter>
    </ClCompile>
    <ClCompile Include="utility.cpp">
      <Filter>Source Files</Filter>
    </ClCompile>
    <ClCompile Include="tsp_funcs.cpp">
      <Filter>Source Files</Filter>
    </ClCompile>
    <ClCompile Include="depot.cpp">
      <Filter>Source Files</Filter>
    </ClCompile>
    <ClCompile Include="driver_code.cpp">
      <Filter>Source Files</Filter>
    </ClCompile>
    <ClCompile Include="testclass.cpp">
      <Filter>Tests</Filter>
    </ClCompile>
    <ClCompile Include="test.cpp">
      <Filter>Tests</Filter>
    </ClCompile>
  </ItemGroup>
  <ItemGroup>
    <Text Include="postal_data.txt">
      <Filter>Header Files\Resource Files</Filter>
    </Text>
    <Text Include="output_csv.txt">
      <Filter>Header Files\Resource Files</Filter>
    </Text>
    <Text Include="Routes.txt">
      <Filter>Header Files\Resource Files</Filter>
    </Text>
  </ItemGroup>
</Project>